
Microsoft Visual Studio Solution File, Format Version 12.00
# Visual Studio 15
VisualStudioVersion = 15.0.27130.2036
MinimumVisualStudioVersion = 10.0.40219.1
Project("{FAE04EC0-301F-11D3-BF4B-00C04F79EFBC}") = "Roulette", "Roulette\Roulette.csproj", "{AF2D0DF7-1294-4F59-B6A1-2CE779BBE4AB}"
EndProject
Global
	GlobalSection(SolutionConfigurationPlatforms) = preSolution
		Debug|Any CPU = Debug|Any CPU
		Release|Any CPU = Release|Any CPU
	EndGlobalSection
	GlobalSection(ProjectConfigurationPlatforms) = postSolution
		{AF2D0DF7-1294-4F59-B6A1-2CE779BBE4AB}.Debug|Any CPU.ActiveCfg = Debug|Any CPU
		{AF2D0DF7-1294-4F59-B6A1-2CE779BBE4AB}.Debug|Any CPU.Build.0 = Debug|Any CPU
		{AF2D0DF7-1294-4F59-B6A1-2CE779BBE4AB}.Release|Any CPU.ActiveCfg = Release|Any CPU
		{AF2D0DF7-1294-4F59-B6A1-2CE779BBE4AB}.Release|Any CPU.Build.0 = Release|Any CPU
	EndGlobalSection
	GlobalSection(SolutionProperties) = preSolution
		HideSolutionNode = FALSE
	EndGlobalSection
	GlobalSection(ExtensibilityGlobals) = postSolution
		SolutionGuid = {5EF8BF6E-6C17-4504-9AE5-69CDFB923AF8}
	EndGlobalSection
EndGlobal
